
Microsoft Visual Studio Solution File, Format Version 12.00
# Visual Studio Version 16
VisualStudioVersion = 16.0.30413.136
MinimumVisualStudioVersion = 10.0.40219.1
Project("{FAE04EC0-301F-11D3-BF4B-00C04F79EFBC}") = "TricikliKolcsonzoPatkanyoknak", "TricikliKolcsonzoPatkanyoknak\TricikliKolcsonzoPatkanyoknak.csproj", "{BFD94BE3-3DEE-4C78-AE40-4107C1747A9D}"
EndProject
Global
	GlobalSection(SolutionConfigurationPlatforms) = preSolution
		Debug|Any CPU = Debug|Any CPU
		Release|Any CPU = Release|Any CPU
	EndGlobalSection
	GlobalSection(ProjectConfigurationPlatforms) = postSolution
		{BFD94BE3-3DEE-4C78-AE40-4107C1747A9D}.Debug|Any CPU.ActiveCfg = Debug|Any CPU
		{BFD94BE3-3DEE-4C78-AE40-4107C1747A9D}.Debug|Any CPU.Build.0 = Debug|Any CPU
		{BFD94BE3-3DEE-4C78-AE40-4107C1747A9D}.Release|Any CPU.ActiveCfg = Release|Any CPU
		{BFD94BE3-3DEE-4C78-AE40-4107C1747A9D}.Release|Any CPU.Build.0 = Release|Any CPU
	EndGlobalSection
	GlobalSection(SolutionProperties) = preSolution
		HideSolutionNode = FALSE
	EndGlobalSection
	GlobalSection(ExtensibilityGlobals) = postSolution
		SolutionGuid = {27059787-0DCC-479D-AE9D-4FDE4BC5B925}
	EndGlobalSection
EndGlobal
